
Microsoft Visual Studio Solution File, Format Version 12.00
# Visual Studio Version 16
VisualStudioVersion = 16.0.29025.244
MinimumVisualStudioVersion = 10.0.40219.1
Project("{2150E333-8FDC-42A3-9474-1A3956D46DE8}") = "2 - Secretaria", "2 - Secretaria", "{C29BB475-4A8A-4895-BE89-522DEFEA4C05}"
EndProject
Project("{2150E333-8FDC-42A3-9474-1A3956D46DE8}") = "3 - Inscricao On-Line", "3 - Inscricao On-Line", "{112E1688-56A8-4F43-9DDE-87B75A1C9368}"
EndProject
Project("{2150E333-8FDC-42A3-9474-1A3956D46DE8}") = "1 - Núcleo", "1 - Núcleo", "{E1C9CEA3-083E-4141-954F-81FD5548EEB6}"
EndProject
Project("{9A19103F-16F7-4668-BE54-9A1E7A4F7556}") = "EventoWeb.Nucleo", "EventoWeb.Nucleo\EventoWeb.Nucleo.csproj", "{9446D4F0-3EA8-4B74-AAD9-D715D4FC9ADE}"
EndProject
Project("{9A19103F-16F7-4668-BE54-9A1E7A4F7556}") = "EventoWeb.WS.Secretaria", "Secretaria\EventoWeb.WS.Secretaria\EventoWeb.WS.Secretaria.csproj", "{C7E6D99E-A188-47B3-8587-502D3DC49AFB}"
EndProject
Project("{9A19103F-16F7-4668-BE54-9A1E7A4F7556}") = "EventoWeb.BancoDados", "EventoWeb.BancoDados\EventoWeb.BancoDados.csproj", "{7F567E3F-64CD-4604-9C0B-4263E5ED1842}"
EndProject
Project("{FAE04EC0-301F-11D3-BF4B-00C04F79EFBC}") = "EventoWeb.WS.Inscricao", "EventoWeb.WS.Inscricao\EventoWeb.WS.Inscricao.csproj", "{FA8422E7-4D85-4249-BC53-381F7C089B37}"
EndProject
Global
	GlobalSection(SolutionConfigurationPlatforms) = preSolution
		Debug|Any CPU = Debug|Any CPU
		Release|Any CPU = Release|Any CPU
	EndGlobalSection
	GlobalSection(ProjectConfigurationPlatforms) = postSolution
		{9446D4F0-3EA8-4B74-AAD9-D715D4FC9ADE}.Debug|Any CPU.ActiveCfg = Debug|Any CPU
		{9446D4F0-3EA8-4B74-AAD9-D715D4FC9ADE}.Debug|Any CPU.Build.0 = Debug|Any CPU
		{9446D4F0-3EA8-4B74-AAD9-D715D4FC9ADE}.Release|Any CPU.ActiveCfg = Release|Any CPU
		{9446D4F0-3EA8-4B74-AAD9-D715D4FC9ADE}.Release|Any CPU.Build.0 = Release|Any CPU
		{C7E6D99E-A188-47B3-8587-502D3DC49AFB}.Debug|Any CPU.ActiveCfg = Debug|Any CPU
		{C7E6D99E-A188-47B3-8587-502D3DC49AFB}.Debug|Any CPU.Build.0 = Debug|Any CPU
		{C7E6D99E-A188-47B3-8587-502D3DC49AFB}.Release|Any CPU.ActiveCfg = Release|Any CPU
		{C7E6D99E-A188-47B3-8587-502D3DC49AFB}.Release|Any CPU.Build.0 = Release|Any CPU
		{7F567E3F-64CD-4604-9C0B-4263E5ED1842}.Debug|Any CPU.ActiveCfg = Debug|Any CPU
		{7F567E3F-64CD-4604-9C0B-4263E5ED1842}.Debug|Any CPU.Build.0 = Debug|Any CPU
		{7F567E3F-64CD-4604-9C0B-4263E5ED1842}.Release|Any CPU.ActiveCfg = Release|Any CPU
		{7F567E3F-64CD-4604-9C0B-4263E5ED1842}.Release|Any CPU.Build.0 = Release|Any CPU
		{FA8422E7-4D85-4249-BC53-381F7C089B37}.Debug|Any CPU.ActiveCfg = Debug|Any CPU
		{FA8422E7-4D85-4249-BC53-381F7C089B37}.Debug|Any CPU.Build.0 = Debug|Any CPU
		{FA8422E7-4D85-4249-BC53-381F7C089B37}.Release|Any CPU.ActiveCfg = Release|Any CPU
		{FA8422E7-4D85-4249-BC53-381F7C089B37}.Release|Any CPU.Build.0 = Release|Any CPU
	EndGlobalSection
	GlobalSection(SolutionProperties) = preSolution
		HideSolutionNode = FALSE
	EndGlobalSection
	GlobalSection(NestedProjects) = preSolution
		{9446D4F0-3EA8-4B74-AAD9-D715D4FC9ADE} = {E1C9CEA3-083E-4141-954F-81FD5548EEB6}
		{C7E6D99E-A188-47B3-8587-502D3DC49AFB} = {C29BB475-4A8A-4895-BE89-522DEFEA4C05}
		{7F567E3F-64CD-4604-9C0B-4263E5ED1842} = {E1C9CEA3-083E-4141-954F-81FD5548EEB6}
		{FA8422E7-4D85-4249-BC53-381F7C089B37} = {112E1688-56A8-4F43-9DDE-87B75A1C9368}
	EndGlobalSection
	GlobalSection(ExtensibilityGlobals) = postSolution
		SolutionGuid = {1554B426-5493-4886-8ABB-6391B2B5C78D}
	EndGlobalSection
EndGlobal
